// !$*UTF8*$!
{
	archiveVersion = 1;
	classes = {
	};
	objectVersion = 77;
	objects = {

/* Begin PBXBuildFile section */
		FFDA6A472CB45B5B0004ADF2 /* Preview Assets.xcassets in Resources */ = {isa = PBXBuildFile; fileRef = FFDA6A402CB45B5B0004ADF2 /* Preview Assets.xcassets */; };
		FFDA6A482CB45B5B0004ADF2 /* Assets.xcassets in Resources */ = {isa = PBXBuildFile; fileRef = FFDA6A422CB45B5B0004ADF2 /* Assets.xcassets */; };
		FFDA6A4A2CB45B5B0004ADF2 /* CopyBearApp.swift in Sources */ = {isa = PBXBuildFile; fileRef = FFDA6A452CB45B5B0004ADF2 /* CopyBearApp.swift */; };
		FFDA6A4E2CB45B7E0004ADF2 /* CopyItemView.swift in Sources */ = {isa = PBXBuildFile; fileRef = FFDA6A4D2CB45B7A0004ADF2 /* CopyItemView.swift */; };
		FFDA6A502CB45BA30004ADF2 /* MenuBarContentView.swift in Sources */ = {isa = PBXBuildFile; fileRef = FFDA6A4F2CB45BA00004ADF2 /* MenuBarContentView.swift */; };
		FFDA6A522CB45BBC0004ADF2 /* CopiedItemsViewModel.swift in Sources */ = {isa = PBXBuildFile; fileRef = FFDA6A512CB45BB60004ADF2 /* CopiedItemsViewModel.swift */; };
		FFDA6A542CBAFC6F0004ADF2 /* CopyBearLogoHeader.swift in Sources */ = {isa = PBXBuildFile; fileRef = FFDA6A532CBAFC640004ADF2 /* CopyBearLogoHeader.swift */; };
		FFDA6A572CBB00CB0004ADF2 /* Constants.swift in Sources */ = {isa = PBXBuildFile; fileRef = FFDA6A562CBB00C60004ADF2 /* Constants.swift */; };
		FFDA6A5A2CBB07130004ADF2 /* ViewType.swift in Sources */ = {isa = PBXBuildFile; fileRef = FFDA6A592CBB07080004ADF2 /* ViewType.swift */; };
		FFDA6A5C2CBB074E0004ADF2 /* ViewTypeMenu.swift in Sources */ = {isa = PBXBuildFile; fileRef = FFDA6A5B2CBB074A0004ADF2 /* ViewTypeMenu.swift */; };
		FFDA6A5E2CBB1BB20004ADF2 /* AllCopiedItemsView.swift in Sources */ = {isa = PBXBuildFile; fileRef = FFDA6A5D2CBB1B9D0004ADF2 /* AllCopiedItemsView.swift */; };
		FFDA6A602CBB1E770004ADF2 /* CategoriesView.swift in Sources */ = {isa = PBXBuildFile; fileRef = FFDA6A5F2CBB1E700004ADF2 /* CategoriesView.swift */; };
		FFDA6A622CBB1ECA0004ADF2 /* Category.swift in Sources */ = {isa = PBXBuildFile; fileRef = FFDA6A612CBB1EC50004ADF2 /* Category.swift */; };
		FFDA6A642CBB28C60004ADF2 /* CopyItemType.swift in Sources */ = {isa = PBXBuildFile; fileRef = FFDA6A632CBB28C00004ADF2 /* CopyItemType.swift */; };
		FFDA6A662CBB2B650004ADF2 /* CopyItem.swift in Sources */ = {isa = PBXBuildFile; fileRef = FFDA6A652CBB2B610004ADF2 /* CopyItem.swift */; };
		FFDA6A682CBB43EE0004ADF2 /* Utility.swift in Sources */ = {isa = PBXBuildFile; fileRef = FFDA6A672CBB43E30004ADF2 /* Utility.swift */; };
/* End PBXBuildFile section */

/* Begin PBXContainerItemProxy section */
		FFDA6A242CB45B540004ADF2 /* PBXContainerItemProxy */ = {
			isa = PBXContainerItemProxy;
			containerPortal = FFDA6A0A2CB45B530004ADF2 /* Project object */;
			proxyType = 1;
			remoteGlobalIDString = FFDA6A112CB45B530004ADF2;
			remoteInfo = CopyBear;
		};
		FFDA6A2E2CB45B540004ADF2 /* PBXContainerItemProxy */ = {
			isa = PBXContainerItemProxy;
			containerPortal = FFDA6A0A2CB45B530004ADF2 /* Project object */;
			proxyType = 1;
			remoteGlobalIDString = FFDA6A112CB45B530004ADF2;
			remoteInfo = CopyBear;
		};
/* End PBXContainerItemProxy section */

/* Begin PBXFileReference section */
		FFDA6A122CB45B530004ADF2 /* CopyBear.app */ = {isa = PBXFileReference; explicitFileType = wrapper.application; includeInIndex = 0; path = CopyBear.app; sourceTree = BUILT_PRODUCTS_DIR; };
		FFDA6A232CB45B540004ADF2 /* CopyBearTests.xctest */ = {isa = PBXFileReference; explicitFileType = wrapper.cfbundle; includeInIndex = 0; path = CopyBearTests.xctest; sourceTree = BUILT_PRODUCTS_DIR; };
		FFDA6A2D2CB45B540004ADF2 /* CopyBearUITests.xctest */ = {isa = PBXFileReference; explicitFileType = wrapper.cfbundle; includeInIndex = 0; path = CopyBearUITests.xctest; sourceTree = BUILT_PRODUCTS_DIR; };
		FFDA6A402CB45B5B0004ADF2 /* Preview Assets.xcassets */ = {isa = PBXFileReference; lastKnownFileType = folder.assetcatalog; path = "Preview Assets.xcassets"; sourceTree = "<group>"; };
		FFDA6A422CB45B5B0004ADF2 /* Assets.xcassets */ = {isa = PBXFileReference; lastKnownFileType = folder.assetcatalog; path = Assets.xcassets; sourceTree = "<group>"; };
		FFDA6A442CB45B5B0004ADF2 /* CopyBear.entitlements */ = {isa = PBXFileReference; lastKnownFileType = text.plist.entitlements; path = CopyBear.entitlements; sourceTree = "<group>"; };
		FFDA6A452CB45B5B0004ADF2 /* CopyBearApp.swift */ = {isa = PBXFileReference; lastKnownFileType = sourcecode.swift; path = CopyBearApp.swift; sourceTree = "<group>"; };
		FFDA6A4D2CB45B7A0004ADF2 /* CopyItemView.swift */ = {isa = PBXFileReference; lastKnownFileType = sourcecode.swift; path = CopyItemView.swift; sourceTree = "<group>"; };
		FFDA6A4F2CB45BA00004ADF2 /* MenuBarContentView.swift */ = {isa = PBXFileReference; lastKnownFileType = sourcecode.swift; path = MenuBarContentView.swift; sourceTree = "<group>"; };
		FFDA6A512CB45BB60004ADF2 /* CopiedItemsViewModel.swift */ = {isa = PBXFileReference; lastKnownFileType = sourcecode.swift; path = CopiedItemsViewModel.swift; sourceTree = "<group>"; };
		FFDA6A532CBAFC640004ADF2 /* CopyBearLogoHeader.swift */ = {isa = PBXFileReference; lastKnownFileType = sourcecode.swift; path = CopyBearLogoHeader.swift; sourceTree = "<group>"; };
		FFDA6A562CBB00C60004ADF2 /* Constants.swift */ = {isa = PBXFileReference; lastKnownFileType = sourcecode.swift; path = Constants.swift; sourceTree = "<group>"; };
		FFDA6A592CBB07080004ADF2 /* ViewType.swift */ = {isa = PBXFileReference; lastKnownFileType = sourcecode.swift; path = ViewType.swift; sourceTree = "<group>"; };
		FFDA6A5B2CBB074A0004ADF2 /* ViewTypeMenu.swift */ = {isa = PBXFileReference; lastKnownFileType = sourcecode.swift; path = ViewTypeMenu.swift; sourceTree = "<group>"; };
		FFDA6A5D2CBB1B9D0004ADF2 /* AllCopiedItemsView.swift */ = {isa = PBXFileReference; lastKnownFileType = sourcecode.swift; path = AllCopiedItemsView.swift; sourceTree = "<group>"; };
		FFDA6A5F2CBB1E700004ADF2 /* CategoriesView.swift */ = {isa = PBXFileReference; lastKnownFileType = sourcecode.swift; path = CategoriesView.swift; sourceTree = "<group>"; };
		FFDA6A612CBB1EC50004ADF2 /* Category.swift */ = {isa = PBXFileReference; lastKnownFileType = sourcecode.swift; path = Category.swift; sourceTree = "<group>"; };
		FFDA6A632CBB28C00004ADF2 /* CopyItemType.swift */ = {isa = PBXFileReference; lastKnownFileType = sourcecode.swift; path = CopyItemType.swift; sourceTree = "<group>"; };
		FFDA6A652CBB2B610004ADF2 /* CopyItem.swift */ = {isa = PBXFileReference; lastKnownFileType = sourcecode.swift; path = CopyItem.swift; sourceTree = "<group>"; };
		FFDA6A672CBB43E30004ADF2 /* Utility.swift */ = {isa = PBXFileReference; lastKnownFileType = sourcecode.swift; path = Utility.swift; sourceTree = "<group>"; };
/* End PBXFileReference section */

/* Begin PBXFileSystemSynchronizedRootGroup section */
		FFDA6A262CB45B540004ADF2 /* CopyBearTests */ = {
			isa = PBXFileSystemSynchronizedRootGroup;
			path = CopyBearTests;
			sourceTree = "<group>";
		};
		FFDA6A302CB45B540004ADF2 /* CopyBearUITests */ = {
			isa = PBXFileSystemSynchronizedRootGroup;
			path = CopyBearUITests;
			sourceTree = "<group>";
		};
/* End PBXFileSystemSynchronizedRootGroup section */

/* Begin PBXFrameworksBuildPhase section */
		FFDA6A0F2CB45B530004ADF2 /* Frameworks */ = {
			isa = PBXFrameworksBuildPhase;
			buildActionMask = 2147483647;
			files = (
			);
			runOnlyForDeploymentPostprocessing = 0;
		};
		FFDA6A202CB45B540004ADF2 /* Frameworks */ = {
			isa = PBXFrameworksBuildPhase;
			buildActionMask = 2147483647;
			files = (
			);
			runOnlyForDeploymentPostprocessing = 0;
		};
		FFDA6A2A2CB45B540004ADF2 /* Frameworks */ = {
			isa = PBXFrameworksBuildPhase;
			buildActionMask = 2147483647;
			files = (
			);
			runOnlyForDeploymentPostprocessing = 0;
		};
/* End PBXFrameworksBuildPhase section */

/* Begin PBXGroup section */
		FFDA6A092CB45B530004ADF2 = {
			isa = PBXGroup;
			children = (
				FFDA6A462CB45B5B0004ADF2 /* CopyBear */,
				FFDA6A262CB45B540004ADF2 /* CopyBearTests */,
				FFDA6A302CB45B540004ADF2 /* CopyBearUITests */,
				FFDA6A132CB45B530004ADF2 /* Products */,
			);
			sourceTree = "<group>";
		};
		FFDA6A132CB45B530004ADF2 /* Products */ = {
			isa = PBXGroup;
			children = (
				FFDA6A122CB45B530004ADF2 /* CopyBear.app */,
				FFDA6A232CB45B540004ADF2 /* CopyBearTests.xctest */,
				FFDA6A2D2CB45B540004ADF2 /* CopyBearUITests.xctest */,
			);
			name = Products;
			sourceTree = "<group>";
		};
		FFDA6A412CB45B5B0004ADF2 /* Preview Content */ = {
			isa = PBXGroup;
			children = (
				FFDA6A402CB45B5B0004ADF2 /* Preview Assets.xcassets */,
			);
			path = "Preview Content";
			sourceTree = "<group>";
		};
		FFDA6A462CB45B5B0004ADF2 /* CopyBear */ = {
			isa = PBXGroup;
			children = (
				FFDA6A582CBB06BB0004ADF2 /* Models */,
				FFDA6A552CBB00BC0004ADF2 /* Utils */,
				FFDA6A4C2CB45B690004ADF2 /* View Models */,
				FFDA6A4B2CB45B620004ADF2 /* Views */,
				FFDA6A412CB45B5B0004ADF2 /* Preview Content */,
				FFDA6A422CB45B5B0004ADF2 /* Assets.xcassets */,
				FFDA6A442CB45B5B0004ADF2 /* CopyBear.entitlements */,
				FFDA6A452CB45B5B0004ADF2 /* CopyBearApp.swift */,
			);
			path = CopyBear;
			sourceTree = "<group>";
		};
		FFDA6A4B2CB45B620004ADF2 /* Views */ = {
			isa = PBXGroup;
			children = (
				FFDA6A5F2CBB1E700004ADF2 /* CategoriesView.swift */,
				FFDA6A5D2CBB1B9D0004ADF2 /* AllCopiedItemsView.swift */,
				FFDA6A5B2CBB074A0004ADF2 /* ViewTypeMenu.swift */,
				FFDA6A532CBAFC640004ADF2 /* CopyBearLogoHeader.swift */,
				FFDA6A4F2CB45BA00004ADF2 /* MenuBarContentView.swift */,
				FFDA6A4D2CB45B7A0004ADF2 /* CopyItemView.swift */,
			);
			path = Views;
			sourceTree = "<group>";
		};
		FFDA6A4C2CB45B690004ADF2 /* View Models */ = {
			isa = PBXGroup;
			children = (
				FFDA6A512CB45BB60004ADF2 /* CopiedItemsViewModel.swift */,
			);
			path = "View Models";
			sourceTree = "<group>";
		};
		FFDA6A552CBB00BC0004ADF2 /* Utils */ = {
			isa = PBXGroup;
			children = (
				FFDA6A672CBB43E30004ADF2 /* Utility.swift */,
				FFDA6A562CBB00C60004ADF2 /* Constants.swift */,
			);
			path = Utils;
			sourceTree = "<group>";
		};
		FFDA6A582CBB06BB0004ADF2 /* Models */ = {
			isa = PBXGroup;
			children = (
				FFDA6A652CBB2B610004ADF2 /* CopyItem.swift */,
				FFDA6A632CBB28C00004ADF2 /* CopyItemType.swift */,
				FFDA6A612CBB1EC50004ADF2 /* Category.swift */,
				FFDA6A592CBB07080004ADF2 /* ViewType.swift */,
			);
			path = Models;
			sourceTree = "<group>";
		};
/* End PBXGroup section */

/* Begin PBXNativeTarget section */
		FFDA6A112CB45B530004ADF2 /* CopyBear */ = {
			isa = PBXNativeTarget;
			buildConfigurationList = FFDA6A372CB45B540004ADF2 /* Build configuration list for PBXNativeTarget "CopyBear" */;
			buildPhases = (
				FFDA6A0E2CB45B530004ADF2 /* Sources */,
				FFDA6A0F2CB45B530004ADF2 /* Frameworks */,
				FFDA6A102CB45B530004ADF2 /* Resources */,
			);
			buildRules = (
			);
			dependencies = (
			);
			name = CopyBear;
			packageProductDependencies = (
			);
			productName = CopyBear;
			productReference = FFDA6A122CB45B530004ADF2 /* CopyBear.app */;
			productType = "com.apple.product-type.application";
		};
		FFDA6A222CB45B540004ADF2 /* CopyBearTests */ = {
			isa = PBXNativeTarget;
			buildConfigurationList = FFDA6A3A2CB45B540004ADF2 /* Build configuration list for PBXNativeTarget "CopyBearTests" */;
			buildPhases = (
				FFDA6A1F2CB45B540004ADF2 /* Sources */,
				FFDA6A202CB45B540004ADF2 /* Frameworks */,
				FFDA6A212CB45B540004ADF2 /* Resources */,
			);
			buildRules = (
			);
			dependencies = (
				FFDA6A252CB45B540004ADF2 /* PBXTargetDependency */,
			);
			fileSystemSynchronizedGroups = (
				FFDA6A262CB45B540004ADF2 /* CopyBearTests */,
			);
			name = CopyBearTests;
			packageProductDependencies = (
			);
			productName = CopyBearTests;
			productReference = FFDA6A232CB45B540004ADF2 /* CopyBearTests.xctest */;
			productType = "com.apple.product-type.bundle.unit-test";
		};
		FFDA6A2C2CB45B540004ADF2 /* CopyBearUITests */ = {
			isa = PBXNativeTarget;
			buildConfigurationList = FFDA6A3D2CB45B540004ADF2 /* Build configuration list for PBXNativeTarget "CopyBearUITests" */;
			buildPhases = (
				FFDA6A292CB45B540004ADF2 /* Sources */,
				FFDA6A2A2CB45B540004ADF2 /* Frameworks */,
				FFDA6A2B2CB45B540004ADF2 /* Resources */,
			);
			buildRules = (
			);
			dependencies = (
				FFDA6A2F2CB45B540004ADF2 /* PBXTargetDependency */,
			);
			fileSystemSynchronizedGroups = (
				FFDA6A302CB45B540004ADF2 /* CopyBearUITests */,
			);
			name = CopyBearUITests;
			packageProductDependencies = (
			);
			productName = CopyBearUITests;
			productReference = FFDA6A2D2CB45B540004ADF2 /* CopyBearUITests.xctest */;
			productType = "com.apple.product-type.bundle.ui-testing";
		};
/* End PBXNativeTarget section */

/* Begin PBXProject section */
		FFDA6A0A2CB45B530004ADF2 /* Project object */ = {
			isa = PBXProject;
			attributes = {
				BuildIndependentTargetsInParallel = 1;
				LastSwiftUpdateCheck = 1600;
				LastUpgradeCheck = 1600;
				TargetAttributes = {
					FFDA6A112CB45B530004ADF2 = {
						CreatedOnToolsVersion = 16.0;
					};
					FFDA6A222CB45B540004ADF2 = {
						CreatedOnToolsVersion = 16.0;
						TestTargetID = FFDA6A112CB45B530004ADF2;
					};
					FFDA6A2C2CB45B540004ADF2 = {
						CreatedOnToolsVersion = 16.0;
						TestTargetID = FFDA6A112CB45B530004ADF2;
					};
				};
			};
			buildConfigurationList = FFDA6A0D2CB45B530004ADF2 /* Build configuration list for PBXProject "CopyBear" */;
			developmentRegion = en;
			hasScannedForEncodings = 0;
			knownRegions = (
				en,
				Base,
			);
			mainGroup = FFDA6A092CB45B530004ADF2;
			minimizedProjectReferenceProxies = 1;
			preferredProjectObjectVersion = 77;
			productRefGroup = FFDA6A132CB45B530004ADF2 /* Products */;
			projectDirPath = "";
			projectRoot = "";
			targets = (
				FFDA6A112CB45B530004ADF2 /* CopyBear */,
				FFDA6A222CB45B540004ADF2 /* CopyBearTests */,
				FFDA6A2C2CB45B540004ADF2 /* CopyBearUITests */,
			);
		};
/* End PBXProject section */

/* Begin PBXResourcesBuildPhase section */
		FFDA6A102CB45B530004ADF2 /* Resources */ = {
			isa = PBXResourcesBuildPhase;
			buildActionMask = 2147483647;
			files = (
				FFDA6A472CB45B5B0004ADF2 /* Preview Assets.xcassets in Resources */,
				FFDA6A482CB45B5B0004ADF2 /* Assets.xcassets in Resources */,
			);
			runOnlyForDeploymentPostprocessing = 0;
		};
		FFDA6A212CB45B540004ADF2 /* Resources */ = {
			isa = PBXResourcesBuildPhase;
			buildActionMask = 2147483647;
			files = (
			);
			runOnlyForDeploymentPostprocessing = 0;
		};
		FFDA6A2B2CB45B540004ADF2 /* Resources */ = {
			isa = PBXResourcesBuildPhase;
			buildActionMask = 2147483647;
			files = (
			);
			runOnlyForDeploymentPostprocessing = 0;
		};
/* End PBXResourcesBuildPhase section */

/* Begin PBXSourcesBuildPhase section */
		FFDA6A0E2CB45B530004ADF2 /* Sources */ = {
			isa = PBXSourcesBuildPhase;
			buildActionMask = 2147483647;
			files = (
				FFDA6A682CBB43EE0004ADF2 /* Utility.swift in Sources */,
				FFDA6A5A2CBB07130004ADF2 /* ViewType.swift in Sources */,
				FFDA6A662CBB2B650004ADF2 /* CopyItem.swift in Sources */,
				FFDA6A502CB45BA30004ADF2 /* MenuBarContentView.swift in Sources */,
				FFDA6A522CB45BBC0004ADF2 /* CopiedItemsViewModel.swift in Sources */,
				FFDA6A5E2CBB1BB20004ADF2 /* AllCopiedItemsView.swift in Sources */,
				FFDA6A542CBAFC6F0004ADF2 /* CopyBearLogoHeader.swift in Sources */,
				FFDA6A642CBB28C60004ADF2 /* CopyItemType.swift in Sources */,
				FFDA6A4A2CB45B5B0004ADF2 /* CopyBearApp.swift in Sources */,
				FFDA6A4E2CB45B7E0004ADF2 /* CopyItemView.swift in Sources */,
				FFDA6A572CBB00CB0004ADF2 /* Constants.swift in Sources */,
				FFDA6A602CBB1E770004ADF2 /* CategoriesView.swift in Sources */,
				FFDA6A5C2CBB074E0004ADF2 /* ViewTypeMenu.swift in Sources */,
				FFDA6A622CBB1ECA0004ADF2 /* Category.swift in Sources */,
			);
			runOnlyForDeploymentPostprocessing = 0;
		};
		FFDA6A1F2CB45B540004ADF2 /* Sources */ = {
			isa = PBXSourcesBuildPhase;
			buildActionMask = 2147483647;
			files = (
			);
			runOnlyForDeploymentPostprocessing = 0;
		};
		FFDA6A292CB45B540004ADF2 /* Sources */ = {
			isa = PBXSourcesBuildPhase;
			buildActionMask = 2147483647;
			files = (
			);
			runOnlyForDeploymentPostprocessing = 0;
		};
/* End PBXSourcesBuildPhase section */

/* Begin PBXTargetDependency section */
		FFDA6A252CB45B540004ADF2 /* PBXTargetDependency */ = {
			isa = PBXTargetDependency;
			target = FFDA6A112CB45B530004ADF2 /* CopyBear */;
			targetProxy = FFDA6A242CB45B540004ADF2 /* PBXContainerItemProxy */;
		};
		FFDA6A2F2CB45B540004ADF2 /* PBXTargetDependency */ = {
			isa = PBXTargetDependency;
			target = FFDA6A112CB45B530004ADF2 /* CopyBear */;
			targetProxy = FFDA6A2E2CB45B540004ADF2 /* PBXContainerItemProxy */;
		};
/* End PBXTargetDependency section */

/* Begin XCBuildConfiguration section */
		FFDA6A352CB45B540004ADF2 /* Debug */ = {
			isa = XCBuildConfiguration;
			buildSettings = {
				ALWAYS_SEARCH_USER_PATHS = NO;
				ASSETCATALOG_COMPILER_GENERATE_SWIFT_ASSET_SYMBOL_EXTENSIONS = YES;
				CLANG_ANALYZER_NONNULL = YES;
				CLANG_ANALYZER_NUMBER_OBJECT_CONVERSION = YES_AGGRESSIVE;
				CLANG_CXX_LANGUAGE_STANDARD = "gnu++20";
				CLANG_ENABLE_MODULES = YES;
				CLANG_ENABLE_OBJC_ARC = YES;
				CLANG_ENABLE_OBJC_WEAK = YES;
				CLANG_WARN_BLOCK_CAPTURE_AUTORELEASING = YES;
				CLANG_WARN_BOOL_CONVERSION = YES;
				CLANG_WARN_COMMA = YES;
				CLANG_WARN_CONSTANT_CONVERSION = YES;
				CLANG_WARN_DEPRECATED_OBJC_IMPLEMENTATIONS = YES;
				CLANG_WARN_DIRECT_OBJC_ISA_USAGE = YES_ERROR;
				CLANG_WARN_DOCUMENTATION_COMMENTS = YES;
				CLANG_WARN_EMPTY_BODY = YES;
				CLANG_WARN_ENUM_CONVERSION = YES;
				CLANG_WARN_INFINITE_RECURSION = YES;
				CLANG_WARN_INT_CONVERSION = YES;
				CLANG_WARN_NON_LITERAL_NULL_CONVERSION = YES;
				CLANG_WARN_OBJC_IMPLICIT_RETAIN_SELF = YES;
				CLANG_WARN_OBJC_LITERAL_CONVERSION = YES;
				CLANG_WARN_OBJC_ROOT_CLASS = YES_ERROR;
				CLANG_WARN_QUOTED_INCLUDE_IN_FRAMEWORK_HEADER = YES;
				CLANG_WARN_RANGE_LOOP_ANALYSIS = YES;
				CLANG_WARN_STRICT_PROTOTYPES = YES;
				CLANG_WARN_SUSPICIOUS_MOVE = YES;
				CLANG_WARN_UNGUARDED_AVAILABILITY = YES_AGGRESSIVE;
				CLANG_WARN_UNREACHABLE_CODE = YES;
				CLANG_WARN__DUPLICATE_METHOD_MATCH = YES;
				COPY_PHASE_STRIP = NO;
				DEBUG_INFORMATION_FORMAT = dwarf;
				ENABLE_STRICT_OBJC_MSGSEND = YES;
				ENABLE_TESTABILITY = YES;
				ENABLE_USER_SCRIPT_SANDBOXING = YES;
				GCC_C_LANGUAGE_STANDARD = gnu17;
				GCC_DYNAMIC_NO_PIC = NO;
				GCC_NO_COMMON_BLOCKS = YES;
				GCC_OPTIMIZATION_LEVEL = 0;
				GCC_PREPROCESSOR_DEFINITIONS = (
					"DEBUG=1",
					"$(inherited)",
				);
				GCC_WARN_64_TO_32_BIT_CONVERSION = YES;
				GCC_WARN_ABOUT_RETURN_TYPE = YES_ERROR;
				GCC_WARN_UNDECLARED_SELECTOR = YES;
				GCC_WARN_UNINITIALIZED_AUTOS = YES_AGGRESSIVE;
				GCC_WARN_UNUSED_FUNCTION = YES;
				GCC_WARN_UNUSED_VARIABLE = YES;
				LOCALIZATION_PREFERS_STRING_CATALOGS = YES;
				MACOSX_DEPLOYMENT_TARGET = 14.6;
				MTL_ENABLE_DEBUG_INFO = INCLUDE_SOURCE;
				MTL_FAST_MATH = YES;
				ONLY_ACTIVE_ARCH = YES;
				SDKROOT = macosx;
				SWIFT_ACTIVE_COMPILATION_CONDITIONS = "DEBUG $(inherited)";
				SWIFT_OPTIMIZATION_LEVEL = "-Onone";
			};
			name = Debug;
		};
		FFDA6A362CB45B540004ADF2 /* Release */ = {
			isa = XCBuildConfiguration;
			buildSettings = {
				ALWAYS_SEARCH_USER_PATHS = NO;
				ASSETCATALOG_COMPILER_GENERATE_SWIFT_ASSET_SYMBOL_EXTENSIONS = YES;
				CLANG_ANALYZER_NONNULL = YES;
				CLANG_ANALYZER_NUMBER_OBJECT_CONVERSION = YES_AGGRESSIVE;
				CLANG_CXX_LANGUAGE_STANDARD = "gnu++20";
				CLANG_ENABLE_MODULES = YES;
				CLANG_ENABLE_OBJC_ARC = YES;
				CLANG_ENABLE_OBJC_WEAK = YES;
				CLANG_WARN_BLOCK_CAPTURE_AUTORELEASING = YES;
				CLANG_WARN_BOOL_CONVERSION = YES;
				CLANG_WARN_COMMA = YES;
				CLANG_WARN_CONSTANT_CONVERSION = YES;
				CLANG_WARN_DEPRECATED_OBJC_IMPLEMENTATIONS = YES;
				CLANG_WARN_DIRECT_OBJC_ISA_USAGE = YES_ERROR;
				CLANG_WARN_DOCUMENTATION_COMMENTS = YES;
				CLANG_WARN_EMPTY_BODY = YES;
				CLANG_WARN_ENUM_CONVERSION = YES;
				CLANG_WARN_INFINITE_RECURSION = YES;
				CLANG_WARN_INT_CONVERSION = YES;
				CLANG_WARN_NON_LITERAL_NULL_CONVERSION = YES;
				CLANG_WARN_OBJC_IMPLICIT_RETAIN_SELF = YES;
				CLANG_WARN_OBJC_LITERAL_CONVERSION = YES;
				CLANG_WARN_OBJC_ROOT_CLASS = YES_ERROR;
				CLANG_WARN_QUOTED_INCLUDE_IN_FRAMEWORK_HEADER = YES;
				CLANG_WARN_RANGE_LOOP_ANALYSIS = YES;
				CLANG_WARN_STRICT_PROTOTYPES = YES;
				CLANG_WARN_SUSPICIOUS_MOVE = YES;
				CLANG_WARN_UNGUARDED_AVAILABILITY = YES_AGGRESSIVE;
				CLANG_WARN_UNREACHABLE_CODE = YES;
				CLANG_WARN__DUPLICATE_METHOD_MATCH = YES;
				COPY_PHASE_STRIP = NO;
				DEBUG_INFORMATION_FORMAT = "dwarf-with-dsym";
				ENABLE_NS_ASSERTIONS = NO;
				ENABLE_STRICT_OBJC_MSGSEND = YES;
				ENABLE_USER_SCRIPT_SANDBOXING = YES;
				GCC_C_LANGUAGE_STANDARD = gnu17;
				GCC_NO_COMMON_BLOCKS = YES;
				GCC_WARN_64_TO_32_BIT_CONVERSION = YES;
				GCC_WARN_ABOUT_RETURN_TYPE = YES_ERROR;
				GCC_WARN_UNDECLARED_SELECTOR = YES;
				GCC_WARN_UNINITIALIZED_AUTOS = YES_AGGRESSIVE;
				GCC_WARN_UNUSED_FUNCTION = YES;
				GCC_WARN_UNUSED_VARIABLE = YES;
				LOCALIZATION_PREFERS_STRING_CATALOGS = YES;
				MACOSX_DEPLOYMENT_TARGET = 14.6;
				MTL_ENABLE_DEBUG_INFO = NO;
				MTL_FAST_MATH = YES;
				SDKROOT = macosx;
				SWIFT_COMPILATION_MODE = wholemodule;
			};
			name = Release;
		};
		FFDA6A382CB45B540004ADF2 /* Debug */ = {
			isa = XCBuildConfiguration;
			buildSettings = {
				ASSETCATALOG_COMPILER_APPICON_NAME = AppIcon;
				ASSETCATALOG_COMPILER_GLOBAL_ACCENT_COLOR_NAME = AccentColor;
				CODE_SIGN_ENTITLEMENTS = CopyBear/CopyBear.entitlements;
				CODE_SIGN_STYLE = Automatic;
				COMBINE_HIDPI_IMAGES = YES;
				CURRENT_PROJECT_VERSION = 1;
				DEVELOPMENT_ASSET_PATHS = "\"CopyBear/Preview Content\"";
				DEVELOPMENT_TEAM = A83BPKB32J;
				ENABLE_HARDENED_RUNTIME = YES;
				ENABLE_PREVIEWS = YES;
				GENERATE_INFOPLIST_FILE = YES;
				INFOPLIST_KEY_LSUIElement = YES;
				INFOPLIST_KEY_NSHumanReadableCopyright = "";
				LD_RUNPATH_SEARCH_PATHS = (
					"$(inherited)",
					"@executable_path/../Frameworks",
				);
				MARKETING_VERSION = 1.0;
				PRODUCT_BUNDLE_IDENTIFIER = com.devcrazelu.CopyBear;
				PRODUCT_NAME = "$(TARGET_NAME)";
				SWIFT_EMIT_LOC_STRINGS = YES;
				SWIFT_VERSION = 5.0;
			};
			name = Debug;
		};
		FFDA6A392CB45B540004ADF2 /* Release */ = {
			isa = XCBuildConfiguration;
			buildSettings = {
				ASSETCATALOG_COMPILER_APPICON_NAME = AppIcon;
				ASSETCATALOG_COMPILER_GLOBAL_ACCENT_COLOR_NAME = AccentColor;
				CODE_SIGN_ENTITLEMENTS = CopyBear/CopyBear.entitlements;
				CODE_SIGN_STYLE = Automatic;
				COMBINE_HIDPI_IMAGES = YES;
				CURRENT_PROJECT_VERSION = 1;
				DEVELOPMENT_ASSET_PATHS = "\"CopyBear/Preview Content\"";
				DEVELOPMENT_TEAM = A83BPKB32J;
				ENABLE_HARDENED_RUNTIME = YES;
				ENABLE_PREVIEWS = YES;
				GENERATE_INFOPLIST_FILE = YES;
				INFOPLIST_KEY_LSUIElement = YES;
				INFOPLIST_KEY_NSHumanReadableCopyright = "";
				LD_RUNPATH_SEARCH_PATHS = (
					"$(inherited)",
					"@executable_path/../Frameworks",
				);
				MARKETING_VERSION = 1.0;
				PRODUCT_BUNDLE_IDENTIFIER = com.devcrazelu.CopyBear;
				PRODUCT_NAME = "$(TARGET_NAME)";
				SWIFT_EMIT_LOC_STRINGS = YES;
				SWIFT_VERSION = 5.0;
			};
			name = Release;
		};
		FFDA6A3B2CB45B540004ADF2 /* Debug */ = {
			isa = XCBuildConfiguration;
			buildSettings = {
				BUNDLE_LOADER = "$(TEST_HOST)";
				CODE_SIGN_STYLE = Automatic;
				CURRENT_PROJECT_VERSION = 1;
				DEVELOPMENT_TEAM = A83BPKB32J;
				GENERATE_INFOPLIST_FILE = YES;
				MACOSX_DEPLOYMENT_TARGET = 14.6;
				MARKETING_VERSION = 1.0;
				PRODUCT_BUNDLE_IDENTIFIER = com.devcrazelu.CopyBearTests;
				PRODUCT_NAME = "$(TARGET_NAME)";
				SWIFT_EMIT_LOC_STRINGS = NO;
				SWIFT_VERSION = 5.0;
				TEST_HOST = "$(BUILT_PRODUCTS_DIR)/CopyBear.app/$(BUNDLE_EXECUTABLE_FOLDER_PATH)/CopyBear";
			};
			name = Debug;
		};
		FFDA6A3C2CB45B540004ADF2 /* Release */ = {
			isa = XCBuildConfiguration;
			buildSettings = {
				BUNDLE_LOADER = "$(TEST_HOST)";
				CODE_SIGN_STYLE = Automatic;
				CURRENT_PROJECT_VERSION = 1;
				DEVELOPMENT_TEAM = A83BPKB32J;
				GENERATE_INFOPLIST_FILE = YES;
				MACOSX_DEPLOYMENT_TARGET = 14.6;
				MARKETING_VERSION = 1.0;
				PRODUCT_BUNDLE_IDENTIFIER = com.devcrazelu.CopyBearTests;
				PRODUCT_NAME = "$(TARGET_NAME)";
				SWIFT_EMIT_LOC_STRINGS = NO;
				SWIFT_VERSION = 5.0;
				TEST_HOST = "$(BUILT_PRODUCTS_DIR)/CopyBear.app/$(BUNDLE_EXECUTABLE_FOLDER_PATH)/CopyBear";
			};
			name = Release;
		};
		FFDA6A3E2CB45B540004ADF2 /* Debug */ = {
			isa = XCBuildConfiguration;
			buildSettings = {
				CODE_SIGN_STYLE = Automatic;
				CURRENT_PROJECT_VERSION = 1;
				DEVELOPMENT_TEAM = A83BPKB32J;
				GENERATE_INFOPLIST_FILE = YES;
				MARKETING_VERSION = 1.0;
				PRODUCT_BUNDLE_IDENTIFIER = com.devcrazelu.CopyBearUITests;
				PRODUCT_NAME = "$(TARGET_NAME)";
				SWIFT_EMIT_LOC_STRINGS = NO;
				SWIFT_VERSION = 5.0;
				TEST_TARGET_NAME = CopyBear;
			};
			name = Debug;
		};
		FFDA6A3F2CB45B540004ADF2 /* Release */ = {
			isa = XCBuildConfiguration;
			buildSettings = {
				CODE_SIGN_STYLE = Automatic;
				CURRENT_PROJECT_VERSION = 1;
				DEVELOPMENT_TEAM = A83BPKB32J;
				GENERATE_INFOPLIST_FILE = YES;
				MARKETING_VERSION = 1.0;
				PRODUCT_BUNDLE_IDENTIFIER = com.devcrazelu.CopyBearUITests;
				PRODUCT_NAME = "$(TARGET_NAME)";
				SWIFT_EMIT_LOC_STRINGS = NO;
				SWIFT_VERSION = 5.0;
				TEST_TARGET_NAME = CopyBear;
			};
			name = Release;
		};
/* End XCBuildConfiguration section */

/* Begin XCConfigurationList section */
		FFDA6A0D2CB45B530004ADF2 /* Build configuration list for PBXProject "CopyBear" */ = {
			isa = XCConfigurationList;
			buildConfigurations = (
				FFDA6A352CB45B540004ADF2 /* Debug */,
				FFDA6A362CB45B540004ADF2 /* Release */,
			);
			defaultConfigurationIsVisible = 0;
			defaultConfigurationName = Release;
		};
		FFDA6A372CB45B540004ADF2 /* Build configuration list for PBXNativeTarget "CopyBear" */ = {
			isa = XCConfigurationList;
			buildConfigurations = (
				FFDA6A382CB45B540004ADF2 /* Debug */,
				FFDA6A392CB45B540004ADF2 /* Release */,
			);
			defaultConfigurationIsVisible = 0;
			defaultConfigurationName = Release;
		};
		FFDA6A3A2CB45B540004ADF2 /* Build configuration list for PBXNativeTarget "CopyBearTests" */ = {
			isa = XCConfigurationList;
			buildConfigurations = (
				FFDA6A3B2CB45B540004ADF2 /* Debug */,
				FFDA6A3C2CB45B540004ADF2 /* Release */,
			);
			defaultConfigurationIsVisible = 0;
			defaultConfigurationName = Release;
		};
		FFDA6A3D2CB45B540004ADF2 /* Build configuration list for PBXNativeTarget "CopyBearUITests" */ = {
			isa = XCConfigurationList;
			buildConfigurations = (
				FFDA6A3E2CB45B540004ADF2 /* Debug */,
				FFDA6A3F2CB45B540004ADF2 /* Release */,
			);
			defaultConfigurationIsVisible = 0;
			defaultConfigurationName = Release;
		};
/* End XCConfigurationList section */
	};
	rootObject = FFDA6A0A2CB45B530004ADF2 /* Project object */;
}
